// !$*UTF8*$!
{
	archiveVersion = 1;
	classes = {
	};
	objectVersion = 46;
	objects = {

/* Begin PBXBuildFile section */
		22A8E4AD2019421400B11E20 /* AppDelegate.swift in Sources */ = {isa = PBXBuildFile; fileRef = 22A8E4AC2019421400B11E20 /* AppDelegate.swift */; };
		22A8E4AF2019421400B11E20 /* ViewController.swift in Sources */ = {isa = PBXBuildFile; fileRef = 22A8E4AE2019421400B11E20 /* ViewController.swift */; };
		22A8E4B22019421400B11E20 /* Main.storyboard in Resources */ = {isa = PBXBuildFile; fileRef = 22A8E4B02019421400B11E20 /* Main.storyboard */; };
		22A8E4B42019421400B11E20 /* Assets.xcassets in Resources */ = {isa = PBXBuildFile; fileRef = 22A8E4B32019421400B11E20 /* Assets.xcassets */; };
		22A8E4B72019421400B11E20 /* LaunchScreen.storyboard in Resources */ = {isa = PBXBuildFile; fileRef = 22A8E4B52019421400B11E20 /* LaunchScreen.storyboard */; };
		22A8E4C22019421400B11E20 /* TipCalculatorTests.swift in Sources */ = {isa = PBXBuildFile; fileRef = 22A8E4C12019421400B11E20 /* TipCalculatorTests.swift */; };
		22A8E4CD2019421400B11E20 /* TipCalculatorUITests.swift in Sources */ = {isa = PBXBuildFile; fileRef = 22A8E4CC2019421400B11E20 /* TipCalculatorUITests.swift */; };
/* End PBXBuildFile section */

/* Begin PBXContainerItemProxy section */
		22A8E4BE2019421400B11E20 /* PBXContainerItemProxy */ = {
			isa = PBXContainerItemProxy;
			containerPortal = 22A8E4A12019421400B11E20 /* Project object */;
			proxyType = 1;
			remoteGlobalIDString = 22A8E4A82019421400B11E20;
			remoteInfo = TipCalculator;
		};
		22A8E4C92019421400B11E20 /* PBXContainerItemProxy */ = {
			isa = PBXContainerItemProxy;
			containerPortal = 22A8E4A12019421400B11E20 /* Project object */;
			proxyType = 1;
			remoteGlobalIDString = 22A8E4A82019421400B11E20;
			remoteInfo = TipCalculator;
		};
/* End PBXContainerItemProxy section */

/* Begin PBXFileReference section */
		22A8E4A92019421400B11E20 /* TipCalculator.app */ = {isa = PBXFileReference; explicitFileType = wrapper.application; includeInIndex = 0; path = TipCalculator.app; sourceTree = BUILT_PRODUCTS_DIR; };
		22A8E4AC2019421400B11E20 /* AppDelegate.swift */ = {isa = PBXFileReference; lastKnownFileType = sourcecode.swift; path = AppDelegate.swift; sourceTree = "<group>"; };
		22A8E4AE2019421400B11E20 /* ViewController.swift */ = {isa = PBXFileReference; lastKnownFileType = sourcecode.swift; path = ViewController.swift; sourceTree = "<group>"; };
		22A8E4B12019421400B11E20 /* Base */ = {isa = PBXFileReference; lastKnownFileType = file.storyboard; name = Base; path = Base.lproj/Main.storyboard; sourceTree = "<group>"; };
		22A8E4B32019421400B11E20 /* Assets.xcassets */ = {isa = PBXFileReference; lastKnownFileType = folder.assetcatalog; path = Assets.xcassets; sourceTree = "<group>"; };
		22A8E4B62019421400B11E20 /* Base */ = {isa = PBXFileReference; lastKnownFileType = file.storyboard; name = Base; path = Base.lproj/LaunchScreen.storyboard; sourceTree = "<group>"; };
		22A8E4B82019421400B11E20 /* Info.plist */ = {isa = PBXFileReference; lastKnownFileType = text.plist.xml; path = Info.plist; sourceTree = "<group>"; };
		22A8E4BD2019421400B11E20 /* TipCalculatorTests.xctest */ = {isa = PBXFileReference; explicitFileType = wrapper.cfbundle; includeInIndex = 0; path = TipCalculatorTests.xctest; sourceTree = BUILT_PRODUCTS_DIR; };
		22A8E4C12019421400B11E20 /* TipCalculatorTests.swift */ = {isa = PBXFileReference; lastKnownFileType = sourcecode.swift; path = TipCalculatorTests.swift; sourceTree = "<group>"; };
		22A8E4C32019421400B11E20 /* Info.plist */ = {isa = PBXFileReference; lastKnownFileType = text.plist.xml; path = Info.plist; sourceTree = "<group>"; };
		22A8E4C82019421400B11E20 /* TipCalculatorUITests.xctest */ = {isa = PBXFileReference; explicitFileType = wrapper.cfbundle; includeInIndex = 0; path = TipCalculatorUITests.xctest; sourceTree = BUILT_PRODUCTS_DIR; };
		22A8E4CC2019421400B11E20 /* TipCalculatorUITests.swift */ = {isa = PBXFileReference; lastKnownFileType = sourcecode.swift; path = TipCalculatorUITests.swift; sourceTree = "<group>"; };
		22A8E4CE2019421400B11E20 /* Info.plist */ = {isa = PBXFileReference; lastKnownFileType = text.plist.xml; path = Info.plist; sourceTree = "<group>"; };
/* End PBXFileReference section */

/* Begin PBXFrameworksBuildPhase section */
		22A8E4A62019421400B11E20 /* Frameworks */ = {
			isa = PBXFrameworksBuildPhase;
			buildActionMask = 2147483647;
			files = (
			);
			runOnlyForDeploymentPostprocessing = 0;
		};
		22A8E4BA2019421400B11E20 /* Frameworks */ = {
			isa = PBXFrameworksBuildPhase;
			buildActionMask = 2147483647;
			files = (
			);
			runOnlyForDeploymentPostprocessing = 0;
		};
		22A8E4C52019421400B11E20 /* Frameworks */ = {
			isa = PBXFrameworksBuildPhase;
			buildActionMask = 2147483647;
			files = (
			);
			runOnlyForDeploymentPostprocessing = 0;
		};
/* End PBXFrameworksBuildPhase section */

/* Begin PBXGroup section */
		22A8E4A02019421400B11E20 = {
			isa = PBXGroup;
			children = (
				22A8E4AB2019421400B11E20 /* TipCalculator */,
				22A8E4C02019421400B11E20 /* TipCalculatorTests */,
				22A8E4CB2019421400B11E20 /* TipCalculatorUITests */,
				22A8E4AA2019421400B11E20 /* Products */,
			);
			sourceTree = "<group>";
		};
		22A8E4AA2019421400B11E20 /* Products */ = {
			isa = PBXGroup;
			children = (
				22A8E4A92019421400B11E20 /* TipCalculator.app */,
				22A8E4BD2019421400B11E20 /* TipCalculatorTests.xctest */,
				22A8E4C82019421400B11E20 /* TipCalculatorUITests.xctest */,
			);
			name = Products;
			sourceTree = "<group>";
		};
		22A8E4AB2019421400B11E20 /* TipCalculator */ = {
			isa = PBXGroup;
			children = (
				22A8E4AC2019421400B11E20 /* AppDelegate.swift */,
				22A8E4AE2019421400B11E20 /* ViewController.swift */,
				22A8E4B02019421400B11E20 /* Main.storyboard */,
				22A8E4B32019421400B11E20 /* Assets.xcassets */,
				22A8E4B52019421400B11E20 /* LaunchScreen.storyboard */,
				22A8E4B82019421400B11E20 /* Info.plist */,
			);
			path = TipCalculator;
			sourceTree = "<group>";
		};
		22A8E4C02019421400B11E20 /* TipCalculatorTests */ = {
			isa = PBXGroup;
			children = (
				22A8E4C12019421400B11E20 /* TipCalculatorTests.swift */,
				22A8E4C32019421400B11E20 /* Info.plist */,
			);
			path = TipCalculatorTests;
			sourceTree = "<group>";
		};
		22A8E4CB2019421400B11E20 /* TipCalculatorUITests */ = {
			isa = PBXGroup;
			children = (
				22A8E4CC2019421400B11E20 /* TipCalculatorUITests.swift */,
				22A8E4CE2019421400B11E20 /* Info.plist */,
			);
			path = TipCalculatorUITests;
			sourceTree = "<group>";
		};
/* End PBXGroup section */

/* Begin PBXNativeTarget section */
		22A8E4A82019421400B11E20 /* TipCalculator */ = {
			isa = PBXNativeTarget;
			buildConfigurationList = 22A8E4D12019421400B11E20 /* Build configuration list for PBXNativeTarget "TipCalculator" */;
			buildPhases = (
				22A8E4A52019421400B11E20 /* Sources */,
				22A8E4A62019421400B11E20 /* Frameworks */,
				22A8E4A72019421400B11E20 /* Resources */,
			);
			buildRules = (
			);
			dependencies = (
			);
			name = TipCalculator;
			productName = TipCalculator;
			productReference = 22A8E4A92019421400B11E20 /* TipCalculator.app */;
			productType = "com.apple.product-type.application";
		};
		22A8E4BC2019421400B11E20 /* TipCalculatorTests */ = {
			isa = PBXNativeTarget;
			buildConfigurationList = 22A8E4D42019421400B11E20 /* Build configuration list for PBXNativeTarget "TipCalculatorTests" */;
			buildPhases = (
				22A8E4B92019421400B11E20 /* Sources */,
				22A8E4BA2019421400B11E20 /* Frameworks */,
				22A8E4BB2019421400B11E20 /* Resources */,
			);
			buildRules = (
			);
			dependencies = (
				22A8E4BF2019421400B11E20 /* PBXTargetDependency */,
			);
			name = TipCalculatorTests;
			productName = TipCalculatorTests;
			productReference = 22A8E4BD2019421400B11E20 /* TipCalculatorTests.xctest */;
			productType = "com.apple.product-type.bundle.unit-test";
		};
		22A8E4C72019421400B11E20 /* TipCalculatorUITests */ = {
			isa = PBXNativeTarget;
			buildConfigurationList = 22A8E4D72019421400B11E20 /* Build configuration list for PBXNativeTarget "TipCalculatorUITests" */;
			buildPhases = (
				22A8E4C42019421400B11E20 /* Sources */,
				22A8E4C52019421400B11E20 /* Frameworks */,
				22A8E4C62019421400B11E20 /* Resources */,
			);
			buildRules = (
			);
			dependencies = (
				22A8E4CA2019421400B11E20 /* PBXTargetDependency */,
			);
			name = TipCalculatorUITests;
			productName = TipCalculatorUITests;
			productReference = 22A8E4C82019421400B11E20 /* TipCalculatorUITests.xctest */;
			productType = "com.apple.product-type.bundle.ui-testing";
		};
/* End PBXNativeTarget section */

/* Begin PBXProject section */
		22A8E4A12019421400B11E20 /* Project object */ = {
			isa = PBXProject;
			attributes = {
				LastSwiftUpdateCheck = 0830;
				LastUpgradeCheck = 0830;
				ORGANIZATIONNAME = "Cynthia Martinez";
				TargetAttributes = {
					22A8E4A82019421400B11E20 = {
						CreatedOnToolsVersion = 8.3.3;
						ProvisioningStyle = Automatic;
					};
					22A8E4BC2019421400B11E20 = {
						CreatedOnToolsVersion = 8.3.3;
						ProvisioningStyle = Automatic;
						TestTargetID = 22A8E4A82019421400B11E20;
					};
					22A8E4C72019421400B11E20 = {
						CreatedOnToolsVersion = 8.3.3;
						ProvisioningStyle = Automatic;
						TestTargetID = 22A8E4A82019421400B11E20;
					};
				};
			};
			buildConfigurationList = 22A8E4A42019421400B11E20 /* Build configuration list for PBXProject "TipCalculator" */;
			compatibilityVersion = "Xcode 3.2";
			developmentRegion = English;
			hasScannedForEncodings = 0;
			knownRegions = (
				en,
				Base,
			);
			mainGroup = 22A8E4A02019421400B11E20;
			productRefGroup = 22A8E4AA2019421400B11E20 /* Products */;
			projectDirPath = "";
			projectRoot = "";
			targets = (
				22A8E4A82019421400B11E20 /* TipCalculator */,
				22A8E4BC2019421400B11E20 /* TipCalculatorTests */,
				22A8E4C72019421400B11E20 /* TipCalculatorUITests */,
			);
		};
/* End PBXProject section */

/* Begin PBXResourcesBuildPhase section */
		22A8E4A72019421400B11E20 /* Resources */ = {
			isa = PBXResourcesBuildPhase;
			buildActionMask = 2147483647;
			files = (
				22A8E4B72019421400B11E20 /* LaunchScreen.storyboard in Resources */,
				22A8E4B42019421400B11E20 /* Assets.xcassets in Resources */,
				22A8E4B22019421400B11E20 /* Main.storyboard in Resources */,
			);
			runOnlyForDeploymentPostprocessing = 0;
		};
		22A8E4BB2019421400B11E20 /* Resources */ = {
			isa = PBXResourcesBuildPhase;
			buildActionMask = 2147483647;
			files = (
			);
			runOnlyForDeploymentPostprocessing = 0;
		};
		22A8E4C62019421400B11E20 /* Resources */ = {
			isa = PBXResourcesBuildPhase;
			buildActionMask = 2147483647;
			files = (
			);
			runOnlyForDeploymentPostprocessing = 0;
		};
/* End PBXResourcesBuildPhase section */

/* Begin PBXSourcesBuildPhase section */
		22A8E4A52019421400B11E20 /* Sources */ = {
			isa = PBXSourcesBuildPhase;
			buildActionMask = 2147483647;
			files = (
				22A8E4AF2019421400B11E20 /* ViewController.swift in Sources */,
				22A8E4AD2019421400B11E20 /* AppDelegate.swift in Sources */,
			);
			runOnlyForDeploymentPostprocessing = 0;
		};
		22A8E4B92019421400B11E20 /* Sources */ = {
			isa = PBXSourcesBuildPhase;
			buildActionMask = 2147483647;
			files = (
				22A8E4C22019421400B11E20 /* TipCalculatorTests.swift in Sources */,
			);
			runOnlyForDeploymentPostprocessing = 0;
		};
		22A8E4C42019421400B11E20 /* Sources */ = {
			isa = PBXSourcesBuildPhase;
			buildActionMask = 2147483647;
			files = (
				22A8E4CD2019421400B11E20 /* TipCalculatorUITests.swift in Sources */,
			);
			runOnlyForDeploymentPostprocessing = 0;
		};
/* End PBXSourcesBuildPhase section */

/* Begin PBXTargetDependency section */
		22A8E4BF2019421400B11E20 /* PBXTargetDependency */ = {
			isa = PBXTargetDependency;
			target = 22A8E4A82019421400B11E20 /* TipCalculator */;
			targetProxy = 22A8E4BE2019421400B11E20 /* PBXContainerItemProxy */;
		};
		22A8E4CA2019421400B11E20 /* PBXTargetDependency */ = {
			isa = PBXTargetDependency;
			target = 22A8E4A82019421400B11E20 /* TipCalculator */;
			targetProxy = 22A8E4C92019421400B11E20 /* PBXContainerItemProxy */;
		};
/* End PBXTargetDependency section */

/* Begin PBXVariantGroup section */
		22A8E4B02019421400B11E20 /* Main.storyboard */ = {
			isa = PBXVariantGroup;
			children = (
				22A8E4B12019421400B11E20 /* Base */,
			);
			name = Main.storyboard;
			sourceTree = "<group>";
		};
		22A8E4B52019421400B11E20 /* LaunchScreen.storyboard */ = {
			isa = PBXVariantGroup;
			children = (
				22A8E4B62019421400B11E20 /* Base */,
			);
			name = LaunchScreen.storyboard;
			sourceTree = "<group>";
		};
/* End PBXVariantGroup section */

/* Begin XCBuildConfiguration section */
		22A8E4CF2019421400B11E20 /* Debug */ = {
			isa = XCBuildConfiguration;
			buildSettings = {
				ALWAYS_SEARCH_USER_PATHS = NO;
				CLANG_ANALYZER_NONNULL = YES;
				CLANG_ANALYZER_NUMBER_OBJECT_CONVERSION = YES_AGGRESSIVE;
				CLANG_CXX_LANGUAGE_STANDARD = "gnu++0x";
				CLANG_CXX_LIBRARY = "libc++";
				CLANG_ENABLE_MODULES = YES;
				CLANG_ENABLE_OBJC_ARC = YES;
				CLANG_WARN_BOOL_CONVERSION = YES;
				CLANG_WARN_CONSTANT_CONVERSION = YES;
				CLANG_WARN_DIRECT_OBJC_ISA_USAGE = YES_ERROR;
				CLANG_WARN_DOCUMENTATION_COMMENTS = YES;
				CLANG_WARN_EMPTY_BODY = YES;
				CLANG_WARN_ENUM_CONVERSION = YES;
				CLANG_WARN_INFINITE_RECURSION = YES;
				CLANG_WARN_INT_CONVERSION = YES;
				CLANG_WARN_OBJC_ROOT_CLASS = YES_ERROR;
				CLANG_WARN_SUSPICIOUS_MOVE = YES;
				CLANG_WARN_UNREACHABLE_CODE = YES;
				CLANG_WARN__DUPLICATE_METHOD_MATCH = YES;
				"CODE_SIGN_IDENTITY[sdk=iphoneos*]" = "iPhone Developer";
				COPY_PHASE_STRIP = NO;
				DEBUG_INFORMATION_FORMAT = dwarf;
				ENABLE_STRICT_OBJC_MSGSEND = YES;
				ENABLE_TESTABILITY = YES;
				GCC_C_LANGUAGE_STANDARD = gnu99;
				GCC_DYNAMIC_NO_PIC = NO;
				GCC_NO_COMMON_BLOCKS = YES;
				GCC_OPTIMIZATION_LEVEL = 0;
				GCC_PREPROCESSOR_DEFINITIONS = (
					"DEBUG=1",
					"$(inherited)",
				);
				GCC_WARN_64_TO_32_BIT_CONVERSION = YES;
				GCC_WARN_ABOUT_RETURN_TYPE = YES_ERROR;
				GCC_WARN_UNDECLARED_SELECTOR = YES;
				GCC_WARN_UNINITIALIZED_AUTOS = YES_AGGRESSIVE;
				GCC_WARN_UNUSED_FUNCTION = YES;
				GCC_WARN_UNUSED_VARIABLE = YES;
				IPHONEOS_DEPLOYMENT_TARGET = 10.3;
				MTL_ENABLE_DEBUG_INFO = YES;
				ONLY_ACTIVE_ARCH = YES;
				SDKROOT = iphoneos;
				SWIFT_ACTIVE_COMPILATION_CONDITIONS = DEBUG;
				SWIFT_OPTIMIZATION_LEVEL = "-Onone";
			};
			name = Debug;
		};
		22A8E4D02019421400B11E20 /* Release */ = {
			isa = XCBuildConfiguration;
			buildSettings = {
				ALWAYS_SEARCH_USER_PATHS = NO;
				CLANG_ANALYZER_NONNULL = YES;
				CLANG_ANALYZER_NUMBER_OBJECT_CONVERSION = YES_AGGRESSIVE;
				CLANG_CXX_LANGUAGE_STANDARD = "gnu++0x";
				CLANG_CXX_LIBRARY = "libc++";
				CLANG_ENABLE_MODULES = YES;
				CLANG_ENABLE_OBJC_ARC = YES;
				CLANG_WARN_BOOL_CONVERSION = YES;
				CLANG_WARN_CONSTANT_CONVERSION = YES;
				CLANG_WARN_DIRECT_OBJC_ISA_USAGE = YES_ERROR;
				CLANG_WARN_DOCUMENTATION_COMMENTS = YES;
				CLANG_WARN_EMPTY_BODY = YES;
				CLANG_WARN_ENUM_CONVERSION = YES;
				CLANG_WARN_INFINITE_RECURSION = YES;
				CLANG_WARN_INT_CONVERSION = YES;
				CLANG_WARN_OBJC_ROOT_CLASS = YES_ERROR;
				CLANG_WARN_SUSPICIOUS_MOVE = YES;
				CLANG_WARN_UNREACHABLE_CODE = YES;
				CLANG_WARN__DUPLICATE_METHOD_MATCH = YES;
				"CODE_SIGN_IDENTITY[sdk=iphoneos*]" = "iPhone Developer";
				COPY_PHASE_STRIP = NO;
				DEBUG_INFORMATION_FORMAT = "dwarf-with-dsym";
				ENABLE_NS_ASSERTIONS = NO;
				ENABLE_STRICT_OBJC_MSGSEND = YES;
				GCC_C_LANGUAGE_STANDARD = gnu99;
				GCC_NO_COMMON_BLOCKS = YES;
				GCC_WARN_64_TO_32_BIT_CONVERSION = YES;
				GCC_WARN_ABOUT_RETURN_TYPE = YES_ERROR;
				GCC_WARN_UNDECLARED_SELECTOR = YES;
				GCC_WARN_UNINITIALIZED_AUTOS = YES_AGGRESSIVE;
				GCC_WARN_UNUSED_FUNCTION = YES;
				GCC_WARN_UNUSED_VARIABLE = YES;
				IPHONEOS_DEPLOYMENT_TARGET = 10.3;
				MTL_ENABLE_DEBUG_INFO = NO;
				SDKROOT = iphoneos;
				SWIFT_OPTIMIZATION_LEVEL = "-Owholemodule";
				VALIDATE_PRODUCT = YES;
			};
			name = Release;
		};
		22A8E4D22019421400B11E20 /* Debug */ = {
			isa = XCBuildConfiguration;
			buildSettings = {
				ASSETCATALOG_COMPILER_APPICON_NAME = AppIcon;
				INFOPLIST_FILE = TipCalculator/Info.plist;
				LD_RUNPATH_SEARCH_PATHS = "$(inherited) @executable_path/Frameworks";
				PRODUCT_BUNDLE_IDENTIFIER = com.cymartinez.TipCalculator;
				PRODUCT_NAME = "$(TARGET_NAME)";
				SWIFT_VERSION = 3.0;
			};
			name = Debug;
		};
		22A8E4D32019421400B11E20 /* Release */ = {
			isa = XCBuildConfiguration;
			buildSettings = {
				ASSETCATALOG_COMPILER_APPICON_NAME = AppIcon;
				INFOPLIST_FILE = TipCalculator/Info.plist;
				LD_RUNPATH_SEARCH_PATHS = "$(inherited) @executable_path/Frameworks";
				PRODUCT_BUNDLE_IDENTIFIER = com.cymartinez.TipCalculator;
				PRODUCT_NAME = "$(TARGET_NAME)";
				SWIFT_VERSION = 3.0;
			};
			name = Release;
		};
		22A8E4D52019421400B11E20 /* Debug */ = {
			isa = XCBuildConfiguration;
			buildSettings = {
				ALWAYS_EMBED_SWIFT_STANDARD_LIBRARIES = YES;
				BUNDLE_LOADER = "$(TEST_HOST)";
				INFOPLIST_FILE = TipCalculatorTests/Info.plist;
				LD_RUNPATH_SEARCH_PATHS = "$(inherited) @executable_path/Frameworks @loader_path/Frameworks";
				PRODUCT_BUNDLE_IDENTIFIER = com.cymartinez.TipCalculatorTests;
				PRODUCT_NAME = "$(TARGET_NAME)";
				SWIFT_VERSION = 3.0;
				TEST_HOST = "$(BUILT_PRODUCTS_DIR)/TipCalculator.app/TipCalculator";
			};
			name = Debug;
		};
		22A8E4D62019421400B11E20 /* Release */ = {
			isa = XCBuildConfiguration;
			buildSettings = {
				ALWAYS_EMBED_SWIFT_STANDARD_LIBRARIES = YES;
				BUNDLE_LOADER = "$(TEST_HOST)";
				INFOPLIST_FILE = TipCalculatorTests/Info.plist;
				LD_RUNPATH_SEARCH_PATHS = "$(inherited) @executable_path/Frameworks @loader_path/Frameworks";
				PRODUCT_BUNDLE_IDENTIFIER = com.cymartinez.TipCalculatorTests;
				PRODUCT_NAME = "$(TARGET_NAME)";
				SWIFT_VERSION = 3.0;
				TEST_HOST = "$(BUILT_PRODUCTS_DIR)/TipCalculator.app/TipCalculator";
			};
			name = Release;
		};
		22A8E4D82019421400B11E20 /* Debug */ = {
			isa = XCBuildConfiguration;
			buildSettings = {
				ALWAYS_EMBED_SWIFT_STANDARD_LIBRARIES = YES;
				INFOPLIST_FILE = TipCalculatorUITests/Info.plist;
				LD_RUNPATH_SEARCH_PATHS = "$(inherited) @executable_path/Frameworks @loader_path/Frameworks";
				PRODUCT_BUNDLE_IDENTIFIER = com.cymartinez.TipCalculatorUITests;
				PRODUCT_NAME = "$(TARGET_NAME)";
				SWIFT_VERSION = 3.0;
				TEST_TARGET_NAME = TipCalculator;
			};
			name = Debug;
		};
		22A8E4D92019421400B11E20 /* Release */ = {
			isa = XCBuildConfiguration;
			buildSettings = {
				ALWAYS_EMBED_SWIFT_STANDARD_LIBRARIES = YES;
				INFOPLIST_FILE = TipCalculatorUITests/Info.plist;
				LD_RUNPATH_SEARCH_PATHS = "$(inherited) @executable_path/Frameworks @loader_path/Frameworks";
				PRODUCT_BUNDLE_IDENTIFIER = com.cymartinez.TipCalculatorUITests;
				PRODUCT_NAME = "$(TARGET_NAME)";
				SWIFT_VERSION = 3.0;
				TEST_TARGET_NAME = TipCalculator;
			};
			name = Release;
		};
/* End XCBuildConfiguration section */

/* Begin XCConfigurationList section */
		22A8E4A42019421400B11E20 /* Build configuration list for PBXProject "TipCalculator" */ = {
			isa = XCConfigurationList;
			buildConfigurations = (
				22A8E4CF2019421400B11E20 /* Debug */,
				22A8E4D02019421400B11E20 /* Release */,
			);
			defaultConfigurationIsVisible = 0;
			defaultConfigurationName = Release;
		};
		22A8E4D12019421400B11E20 /* Build configuration list for PBXNativeTarget "TipCalculator" */ = {
			isa = XCConfigurationList;
			buildConfigurations = (
				22A8E4D22019421400B11E20 /* Debug */,
				22A8E4D32019421400B11E20 /* Release */,
			);
			defaultConfigurationIsVisible = 0;
		};
		22A8E4D42019421400B11E20 /* Build configuration list for PBXNativeTarget "TipCalculatorTests" */ = {
			isa = XCConfigurationList;
			buildConfigurations = (
				22A8E4D52019421400B11E20 /* Debug */,
				22A8E4D62019421400B11E20 /* Release */,
			);
			defaultConfigurationIsVisible = 0;
		};
		22A8E4D72019421400B11E20 /* Build configuration list for PBXNativeTarget "TipCalculatorUITests" */ = {
			isa = XCConfigurationList;
			buildConfigurations = (
				22A8E4D82019421400B11E20 /* Debug */,
				22A8E4D92019421400B11E20 /* Release */,
			);
			defaultConfigurationIsVisible = 0;
		};
/* End XCConfigurationList section */
	};
	rootObject = 22A8E4A12019421400B11E20 /* Project object */;
}
